
Microsoft Visual Studio Solution File, Format Version 12.00
# Visual Studio Version 17
VisualStudioVersion = 17.6.33801.468
MinimumVisualStudioVersion = 10.0.40219.1
Project("{9A19103F-16F7-4668-BE54-9A1E7A4F7556}") = "Stenguage", "Stenguage\Stenguage.csproj", "{C65DA33F-1355-45FD-B7BF-85C2D286628B}"
EndProject
Project("{9A19103F-16F7-4668-BE54-9A1E7A4F7556}") = "StdLib", "StdLib\StdLib.csproj", "{9EDFA9C9-DAB0-47E4-AA24-A226E7A0BC6D}"
EndProject
Project("{9A19103F-16F7-4668-BE54-9A1E7A4F7556}") = "Stenguage.Tests", "Stenguage.Tests\Stenguage.Tests.csproj", "{61737262-1776-4C2C-8931-96828B71BABA}"
EndProject
Project("{FAE04EC0-301F-11D3-BF4B-00C04F79EFBC}") = "Math", "Math\Math.csproj", "{79148EFF-E332-4745-888F-437BEFBED24A}"
EndProject
Global
	GlobalSection(SolutionConfigurationPlatforms) = preSolution
		Debug|Any CPU = Debug|Any CPU
		Release|Any CPU = Release|Any CPU
	EndGlobalSection
	GlobalSection(ProjectConfigurationPlatforms) = postSolution
		{C65DA33F-1355-45FD-B7BF-85C2D286628B}.Debug|Any CPU.ActiveCfg = Debug|Any CPU
		{C65DA33F-1355-45FD-B7BF-85C2D286628B}.Debug|Any CPU.Build.0 = Debug|Any CPU
		{C65DA33F-1355-45FD-B7BF-85C2D286628B}.Release|Any CPU.ActiveCfg = Release|Any CPU
		{C65DA33F-1355-45FD-B7BF-85C2D286628B}.Release|Any CPU.Build.0 = Release|Any CPU
		{9EDFA9C9-DAB0-47E4-AA24-A226E7A0BC6D}.Debug|Any CPU.ActiveCfg = Debug|Any CPU
		{9EDFA9C9-DAB0-47E4-AA24-A226E7A0BC6D}.Debug|Any CPU.Build.0 = Debug|Any CPU
		{9EDFA9C9-DAB0-47E4-AA24-A226E7A0BC6D}.Release|Any CPU.ActiveCfg = Release|Any CPU
		{9EDFA9C9-DAB0-47E4-AA24-A226E7A0BC6D}.Release|Any CPU.Build.0 = Release|Any CPU
		{61737262-1776-4C2C-8931-96828B71BABA}.Debug|Any CPU.ActiveCfg = Debug|Any CPU
		{61737262-1776-4C2C-8931-96828B71BABA}.Debug|Any CPU.Build.0 = Debug|Any CPU
		{61737262-1776-4C2C-8931-96828B71BABA}.Release|Any CPU.ActiveCfg = Release|Any CPU
		{61737262-1776-4C2C-8931-96828B71BABA}.Release|Any CPU.Build.0 = Release|Any CPU
		{79148EFF-E332-4745-888F-437BEFBED24A}.Debug|Any CPU.ActiveCfg = Debug|Any CPU
		{79148EFF-E332-4745-888F-437BEFBED24A}.Debug|Any CPU.Build.0 = Debug|Any CPU
		{79148EFF-E332-4745-888F-437BEFBED24A}.Release|Any CPU.ActiveCfg = Release|Any CPU
		{79148EFF-E332-4745-888F-437BEFBED24A}.Release|Any CPU.Build.0 = Release|Any CPU
	EndGlobalSection
	GlobalSection(SolutionProperties) = preSolution
		HideSolutionNode = FALSE
	EndGlobalSection
	GlobalSection(ExtensibilityGlobals) = postSolution
		SolutionGuid = {F334C735-23CA-4F5E-9162-16A73FF80A12}
	EndGlobalSection
EndGlobal
